
Microsoft Visual Studio Solution File, Format Version 12.00
# Visual Studio Version 17
VisualStudioVersion = 17.0.31903.59
MinimumVisualStudioVersion = 10.0.40219.1
Project("{2150E333-8FDC-42A3-9474-1A3956D46DE8}") = "src", "src", "{65EFE0D3-D0EE-456F-A76D-63A45A2A554A}"
EndProject
Project("{9A19103F-16F7-4668-BE54-9A1E7A4F7556}") = "AuctionService", "src\AuctionService\AuctionService.csproj", "{83E553B3-BD1A-4C91-9580-4C79E54EF0EE}"
EndProject
Project("{FAE04EC0-301F-11D3-BF4B-00C04F79EFBC}") = "SearchService", "src\SearchService\SearchService.csproj", "{CFFD1706-0EA5-4F63-AC66-8B407D477EC5}"
EndProject
Project("{FAE04EC0-301F-11D3-BF4B-00C04F79EFBC}") = "Contracts", "src\Contracts\Contracts.csproj", "{B5E0615B-2F98-49F2-9073-B230B5D1BE74}"
EndProject
Project("{FAE04EC0-301F-11D3-BF4B-00C04F79EFBC}") = "IdentityService", "src\IdentityService\IdentityService.csproj", "{F618E982-81A9-460D-BACF-8F1BA1AC13F6}"
EndProject
Project("{FAE04EC0-301F-11D3-BF4B-00C04F79EFBC}") = "GatewayService", "src\GatewayService\GatewayService.csproj", "{97E358E5-E70D-4896-A0E5-5D5E47DD7603}"
EndProject
Global
	GlobalSection(SolutionConfigurationPlatforms) = preSolution
		Debug|Any CPU = Debug|Any CPU
		Debug|x64 = Debug|x64
		Debug|x86 = Debug|x86
		Release|Any CPU = Release|Any CPU
		Release|x64 = Release|x64
		Release|x86 = Release|x86
	EndGlobalSection
	GlobalSection(ProjectConfigurationPlatforms) = postSolution
		{83E553B3-BD1A-4C91-9580-4C79E54EF0EE}.Debug|Any CPU.ActiveCfg = Debug|Any CPU
		{83E553B3-BD1A-4C91-9580-4C79E54EF0EE}.Debug|Any CPU.Build.0 = Debug|Any CPU
		{83E553B3-BD1A-4C91-9580-4C79E54EF0EE}.Debug|x64.ActiveCfg = Debug|Any CPU
		{83E553B3-BD1A-4C91-9580-4C79E54EF0EE}.Debug|x64.Build.0 = Debug|Any CPU
		{83E553B3-BD1A-4C91-9580-4C79E54EF0EE}.Debug|x86.ActiveCfg = Debug|Any CPU
		{83E553B3-BD1A-4C91-9580-4C79E54EF0EE}.Debug|x86.Build.0 = Debug|Any CPU
		{83E553B3-BD1A-4C91-9580-4C79E54EF0EE}.Release|Any CPU.ActiveCfg = Release|Any CPU
		{83E553B3-BD1A-4C91-9580-4C79E54EF0EE}.Release|Any CPU.Build.0 = Release|Any CPU
		{83E553B3-BD1A-4C91-9580-4C79E54EF0EE}.Release|x64.ActiveCfg = Release|Any CPU
		{83E553B3-BD1A-4C91-9580-4C79E54EF0EE}.Release|x64.Build.0 = Release|Any CPU
		{83E553B3-BD1A-4C91-9580-4C79E54EF0EE}.Release|x86.ActiveCfg = Release|Any CPU
		{83E553B3-BD1A-4C91-9580-4C79E54EF0EE}.Release|x86.Build.0 = Release|Any CPU
		{CFFD1706-0EA5-4F63-AC66-8B407D477EC5}.Debug|Any CPU.ActiveCfg = Debug|Any CPU
		{CFFD1706-0EA5-4F63-AC66-8B407D477EC5}.Debug|Any CPU.Build.0 = Debug|Any CPU
		{CFFD1706-0EA5-4F63-AC66-8B407D477EC5}.Debug|x64.ActiveCfg = Debug|Any CPU
		{CFFD1706-0EA5-4F63-AC66-8B407D477EC5}.Debug|x64.Build.0 = Debug|Any CPU
		{CFFD1706-0EA5-4F63-AC66-8B407D477EC5}.Debug|x86.ActiveCfg = Debug|Any CPU
		{CFFD1706-0EA5-4F63-AC66-8B407D477EC5}.Debug|x86.Build.0 = Debug|Any CPU
		{CFFD1706-0EA5-4F63-AC66-8B407D477EC5}.Release|Any CPU.ActiveCfg = Release|Any CPU
		{CFFD1706-0EA5-4F63-AC66-8B407D477EC5}.Release|Any CPU.Build.0 = Release|Any CPU
		{CFFD1706-0EA5-4F63-AC66-8B407D477EC5}.Release|x64.ActiveCfg = Release|Any CPU
		{CFFD1706-0EA5-4F63-AC66-8B407D477EC5}.Release|x64.Build.0 = Release|Any CPU
		{CFFD1706-0EA5-4F63-AC66-8B407D477EC5}.Release|x86.ActiveCfg = Release|Any CPU
		{CFFD1706-0EA5-4F63-AC66-8B407D477EC5}.Release|x86.Build.0 = Release|Any CPU
		{B5E0615B-2F98-49F2-9073-B230B5D1BE74}.Debug|Any CPU.ActiveCfg = Debug|Any CPU
		{B5E0615B-2F98-49F2-9073-B230B5D1BE74}.Debug|Any CPU.Build.0 = Debug|Any CPU
		{B5E0615B-2F98-49F2-9073-B230B5D1BE74}.Debug|x64.ActiveCfg = Debug|Any CPU
		{B5E0615B-2F98-49F2-9073-B230B5D1BE74}.Debug|x64.Build.0 = Debug|Any CPU
		{B5E0615B-2F98-49F2-9073-B230B5D1BE74}.Debug|x86.ActiveCfg = Debug|Any CPU
		{B5E0615B-2F98-49F2-9073-B230B5D1BE74}.Debug|x86.Build.0 = Debug|Any CPU
		{B5E0615B-2F98-49F2-9073-B230B5D1BE74}.Release|Any CPU.ActiveCfg = Release|Any CPU
		{B5E0615B-2F98-49F2-9073-B230B5D1BE74}.Release|Any CPU.Build.0 = Release|Any CPU
		{B5E0615B-2F98-49F2-9073-B230B5D1BE74}.Release|x64.ActiveCfg = Release|Any CPU
		{B5E0615B-2F98-49F2-9073-B230B5D1BE74}.Release|x64.Build.0 = Release|Any CPU
		{B5E0615B-2F98-49F2-9073-B230B5D1BE74}.Release|x86.ActiveCfg = Release|Any CPU
		{B5E0615B-2F98-49F2-9073-B230B5D1BE74}.Release|x86.Build.0 = Release|Any CPU
		{F618E982-81A9-460D-BACF-8F1BA1AC13F6}.Debug|Any CPU.ActiveCfg = Debug|Any CPU
		{F618E982-81A9-460D-BACF-8F1BA1AC13F6}.Debug|Any CPU.Build.0 = Debug|Any CPU
		{F618E982-81A9-460D-BACF-8F1BA1AC13F6}.Debug|x64.ActiveCfg = Debug|Any CPU
		{F618E982-81A9-460D-BACF-8F1BA1AC13F6}.Debug|x64.Build.0 = Debug|Any CPU
		{F618E982-81A9-460D-BACF-8F1BA1AC13F6}.Debug|x86.ActiveCfg = Debug|Any CPU
		{F618E982-81A9-460D-BACF-8F1BA1AC13F6}.Debug|x86.Build.0 = Debug|Any CPU
		{F618E982-81A9-460D-BACF-8F1BA1AC13F6}.Release|Any CPU.ActiveCfg = Release|Any CPU
		{F618E982-81A9-460D-BACF-8F1BA1AC13F6}.Release|Any CPU.Build.0 = Release|Any CPU
		{F618E982-81A9-460D-BACF-8F1BA1AC13F6}.Release|x64.ActiveCfg = Release|Any CPU
		{F618E982-81A9-460D-BACF-8F1BA1AC13F6}.Release|x64.Build.0 = Release|Any CPU
		{F618E982-81A9-460D-BACF-8F1BA1AC13F6}.Release|x86.ActiveCfg = Release|Any CPU
		{F618E982-81A9-460D-BACF-8F1BA1AC13F6}.Release|x86.Build.0 = Release|Any CPU
		{97E358E5-E70D-4896-A0E5-5D5E47DD7603}.Debug|Any CPU.ActiveCfg = Debug|Any CPU
		{97E358E5-E70D-4896-A0E5-5D5E47DD7603}.Debug|Any CPU.Build.0 = Debug|Any CPU
		{97E358E5-E70D-4896-A0E5-5D5E47DD7603}.Debug|x64.ActiveCfg = Debug|Any CPU
		{97E358E5-E70D-4896-A0E5-5D5E47DD7603}.Debug|x64.Build.0 = Debug|Any CPU
		{97E358E5-E70D-4896-A0E5-5D5E47DD7603}.Debug|x86.ActiveCfg = Debug|Any CPU
		{97E358E5-E70D-4896-A0E5-5D5E47DD7603}.Debug|x86.Build.0 = Debug|Any CPU
		{97E358E5-E70D-4896-A0E5-5D5E47DD7603}.Release|Any CPU.ActiveCfg = Release|Any CPU
		{97E358E5-E70D-4896-A0E5-5D5E47DD7603}.Release|Any CPU.Build.0 = Release|Any CPU
		{97E358E5-E70D-4896-A0E5-5D5E47DD7603}.Release|x64.ActiveCfg = Release|Any CPU
		{97E358E5-E70D-4896-A0E5-5D5E47DD7603}.Release|x64.Build.0 = Release|Any CPU
		{97E358E5-E70D-4896-A0E5-5D5E47DD7603}.Release|x86.ActiveCfg = Release|Any CPU
		{97E358E5-E70D-4896-A0E5-5D5E47DD7603}.Release|x86.Build.0 = Release|Any CPU
	EndGlobalSection
	GlobalSection(SolutionProperties) = preSolution
		HideSolutionNode = FALSE
	EndGlobalSection
	GlobalSection(NestedProjects) = preSolution
		{83E553B3-BD1A-4C91-9580-4C79E54EF0EE} = {65EFE0D3-D0EE-456F-A76D-63A45A2A554A}
		{CFFD1706-0EA5-4F63-AC66-8B407D477EC5} = {65EFE0D3-D0EE-456F-A76D-63A45A2A554A}
		{B5E0615B-2F98-49F2-9073-B230B5D1BE74} = {65EFE0D3-D0EE-456F-A76D-63A45A2A554A}
		{F618E982-81A9-460D-BACF-8F1BA1AC13F6} = {65EFE0D3-D0EE-456F-A76D-63A45A2A554A}
		{97E358E5-E70D-4896-A0E5-5D5E47DD7603} = {65EFE0D3-D0EE-456F-A76D-63A45A2A554A}
	EndGlobalSection
	GlobalSection(ExtensibilityGlobals) = postSolution
		SolutionGuid = {CC94EDEF-9127-444E-94E4-4D1CCDE79813}
	EndGlobalSection
EndGlobal
